
Microsoft Visual Studio Solution File, Format Version 12.00
# Visual Studio Version 17
VisualStudioVersion = 17.8.34309.116
MinimumVisualStudioVersion = 10.0.40219.1
Project("{FAE04EC0-301F-11D3-BF4B-00C04F79EFBC}") = "Sociable9", "Sociable9\Sociable9.csproj", "{B1747F03-31E2-44F8-B7BC-0F27F7EB1252}"
EndProject
Global
	GlobalSection(SolutionConfigurationPlatforms) = preSolution
		Debug|Any CPU = Debug|Any CPU
		Release|Any CPU = Release|Any CPU
	EndGlobalSection
	GlobalSection(ProjectConfigurationPlatforms) = postSolution
		{B1747F03-31E2-44F8-B7BC-0F27F7EB1252}.Debug|Any CPU.ActiveCfg = Debug|Any CPU
		{B1747F03-31E2-44F8-B7BC-0F27F7EB1252}.Debug|Any CPU.Build.0 = Debug|Any CPU
		{B1747F03-31E2-44F8-B7BC-0F27F7EB1252}.Release|Any CPU.ActiveCfg = Release|Any CPU
		{B1747F03-31E2-44F8-B7BC-0F27F7EB1252}.Release|Any CPU.Build.0 = Release|Any CPU
	EndGlobalSection
	GlobalSection(SolutionProperties) = preSolution
		HideSolutionNode = FALSE
	EndGlobalSection
	GlobalSection(ExtensibilityGlobals) = postSolution
		SolutionGuid = {D8966442-4CDE-45D0-9F68-5927F6A8AB59}
	EndGlobalSection
EndGlobal
